
Microsoft Visual Studio Solution File, Format Version 12.00
# Visual Studio 2013
VisualStudioVersion = 12.0.31101.0
MinimumVisualStudioVersion = 10.0.40219.1
Project("{2150E333-8FDC-42A3-9474-1A3956D46DE8}") = "2 - Application", "2 - Application", "{2DA91A58-4EB7-4D9A-8FF9-0E1BDD7E1E60}"
EndProject
Project("{2150E333-8FDC-42A3-9474-1A3956D46DE8}") = "3 - Domain", "3 - Domain", "{022B7284-40BA-4FE8-B86A-3A466B0D8639}"
EndProject
Project("{2150E333-8FDC-42A3-9474-1A3956D46DE8}") = "4 - Infra", "4 - Infra", "{A9DF8B89-6343-4BAC-8222-D09951954A07}"
EndProject
Project("{2150E333-8FDC-42A3-9474-1A3956D46DE8}") = "1 - MVC", "1 - MVC", "{3EC191F5-7CAE-4C50-8DC6-9D2EACD476A3}"
EndProject
Project("{FAE04EC0-301F-11D3-BF4B-00C04F79EFBC}") = "Imarley.Controle.Application", "Imarley.Controle.Application\Imarley.Controle.Application.csproj", "{5C653508-35CA-4051-946D-DCAC81C6768A}"
EndProject
Project("{FAE04EC0-301F-11D3-BF4B-00C04F79EFBC}") = "Imarley.Controle.Domain", "Imarley.Controle.Domain\Imarley.Controle.Domain.csproj", "{D12CABAC-6E27-43C0-86E2-5A54CD2A02F4}"
EndProject
Project("{FAE04EC0-301F-11D3-BF4B-00C04F79EFBC}") = "Imarley.Controle.UI.Web", "Imarley.Controle.UI.Web\Imarley.Controle.UI.Web.csproj", "{437218CC-7B93-451D-9156-4B652612C256}"
EndProject
Project("{2150E333-8FDC-42A3-9474-1A3956D46DE8}") = "Test", "Test", "{B1B0919A-F584-43C2-A813-0D0C8EE2E132}"
EndProject
Project("{FAE04EC0-301F-11D3-BF4B-00C04F79EFBC}") = "Imarley.Controle.Test", "Imarley.Controle.Test\Imarley.Controle.Test.csproj", "{42C9184B-011D-478D-A5EB-A0505739EBD4}"
EndProject
Project("{2150E333-8FDC-42A3-9474-1A3956D46DE8}") = "Adwords", "Adwords", "{34B546A2-68E8-47B7-8503-1AD57991E991}"
EndProject
Project("{FAE04EC0-301F-11D3-BF4B-00C04F79EFBC}") = "Imarley.Controle.Data", "Imarley.Controle.Data\Imarley.Controle.Data.csproj", "{97846060-B9FB-45AD-AA70-BFB43CDE0FA4}"
EndProject
Project("{FAE04EC0-301F-11D3-BF4B-00C04F79EFBC}") = "Imarley.Controle.CrossCuting", "Imarley.Controle.CrossCuting\Imarley.Controle.CrossCuting.csproj", "{D4A36502-3E94-4DF2-9BA9-7D0F672C1FFE}"
EndProject
Project("{2150E333-8FDC-42A3-9474-1A3956D46DE8}") = "4.1 - Data", "4.1 - Data", "{755F57E6-5DD0-4129-BA02-6B975D75174C}"
EndProject
Project("{2150E333-8FDC-42A3-9474-1A3956D46DE8}") = "4.2 - CrossCuting", "4.2 - CrossCuting", "{2C1B0BB2-49CF-4FEF-A4F9-AC73F4E130A6}"
EndProject
Project("{2150E333-8FDC-42A3-9474-1A3956D46DE8}") = "4.3 - Identity", "4.3 - Identity", "{E55216D6-D144-4FC4-9098-BCA0A6F73D35}"
EndProject
Project("{FAE04EC0-301F-11D3-BF4B-00C04F79EFBC}") = "Imarley.Controle.Security", "Imarley.Controle.Security\Imarley.Controle.Security.csproj", "{A68DA7D2-B12D-4AA5-9957-6058A8DE3190}"
EndProject
Global
	GlobalSection(SolutionConfigurationPlatforms) = preSolution
		Debug|Any CPU = Debug|Any CPU
		Debug|ARM = Debug|ARM
		Debug|x64 = Debug|x64
		Debug|x86 = Debug|x86
		Release|Any CPU = Release|Any CPU
		Release|ARM = Release|ARM
		Release|x64 = Release|x64
		Release|x86 = Release|x86
	EndGlobalSection
	GlobalSection(ProjectConfigurationPlatforms) = postSolution
		{5C653508-35CA-4051-946D-DCAC81C6768A}.Debug|Any CPU.ActiveCfg = Debug|Any CPU
		{5C653508-35CA-4051-946D-DCAC81C6768A}.Debug|Any CPU.Build.0 = Debug|Any CPU
		{5C653508-35CA-4051-946D-DCAC81C6768A}.Debug|ARM.ActiveCfg = Debug|Any CPU
		{5C653508-35CA-4051-946D-DCAC81C6768A}.Debug|x64.ActiveCfg = Debug|Any CPU
		{5C653508-35CA-4051-946D-DCAC81C6768A}.Debug|x86.ActiveCfg = Debug|Any CPU
		{5C653508-35CA-4051-946D-DCAC81C6768A}.Release|Any CPU.ActiveCfg = Release|Any CPU
		{5C653508-35CA-4051-946D-DCAC81C6768A}.Release|Any CPU.Build.0 = Release|Any CPU
		{5C653508-35CA-4051-946D-DCAC81C6768A}.Release|ARM.ActiveCfg = Release|Any CPU
		{5C653508-35CA-4051-946D-DCAC81C6768A}.Release|x64.ActiveCfg = Release|Any CPU
		{5C653508-35CA-4051-946D-DCAC81C6768A}.Release|x86.ActiveCfg = Release|Any CPU
		{D12CABAC-6E27-43C0-86E2-5A54CD2A02F4}.Debug|Any CPU.ActiveCfg = Debug|Any CPU
		{D12CABAC-6E27-43C0-86E2-5A54CD2A02F4}.Debug|Any CPU.Build.0 = Debug|Any CPU
		{D12CABAC-6E27-43C0-86E2-5A54CD2A02F4}.Debug|ARM.ActiveCfg = Debug|Any CPU
		{D12CABAC-6E27-43C0-86E2-5A54CD2A02F4}.Debug|x64.ActiveCfg = Debug|Any CPU
		{D12CABAC-6E27-43C0-86E2-5A54CD2A02F4}.Debug|x86.ActiveCfg = Debug|Any CPU
		{D12CABAC-6E27-43C0-86E2-5A54CD2A02F4}.Release|Any CPU.ActiveCfg = Release|Any CPU
		{D12CABAC-6E27-43C0-86E2-5A54CD2A02F4}.Release|Any CPU.Build.0 = Release|Any CPU
		{D12CABAC-6E27-43C0-86E2-5A54CD2A02F4}.Release|ARM.ActiveCfg = Release|Any CPU
		{D12CABAC-6E27-43C0-86E2-5A54CD2A02F4}.Release|x64.ActiveCfg = Release|Any CPU
		{D12CABAC-6E27-43C0-86E2-5A54CD2A02F4}.Release|x86.ActiveCfg = Release|Any CPU
		{437218CC-7B93-451D-9156-4B652612C256}.Debug|Any CPU.ActiveCfg = Debug|Any CPU
		{437218CC-7B93-451D-9156-4B652612C256}.Debug|Any CPU.Build.0 = Debug|Any CPU
		{437218CC-7B93-451D-9156-4B652612C256}.Debug|ARM.ActiveCfg = Debug|Any CPU
		{437218CC-7B93-451D-9156-4B652612C256}.Debug|x64.ActiveCfg = Debug|Any CPU
		{437218CC-7B93-451D-9156-4B652612C256}.Debug|x86.ActiveCfg = Debug|Any CPU
		{437218CC-7B93-451D-9156-4B652612C256}.Release|Any CPU.ActiveCfg = Release|Any CPU
		{437218CC-7B93-451D-9156-4B652612C256}.Release|Any CPU.Build.0 = Release|Any CPU
		{437218CC-7B93-451D-9156-4B652612C256}.Release|ARM.ActiveCfg = Release|Any CPU
		{437218CC-7B93-451D-9156-4B652612C256}.Release|x64.ActiveCfg = Release|Any CPU
		{437218CC-7B93-451D-9156-4B652612C256}.Release|x86.ActiveCfg = Release|Any CPU
		{42C9184B-011D-478D-A5EB-A0505739EBD4}.Debug|Any CPU.ActiveCfg = Debug|Any CPU
		{42C9184B-011D-478D-A5EB-A0505739EBD4}.Debug|Any CPU.Build.0 = Debug|Any CPU
		{42C9184B-011D-478D-A5EB-A0505739EBD4}.Debug|ARM.ActiveCfg = Debug|Any CPU
		{42C9184B-011D-478D-A5EB-A0505739EBD4}.Debug|x64.ActiveCfg = Debug|Any CPU
		{42C9184B-011D-478D-A5EB-A0505739EBD4}.Debug|x86.ActiveCfg = Debug|Any CPU
		{42C9184B-011D-478D-A5EB-A0505739EBD4}.Release|Any CPU.ActiveCfg = Release|Any CPU
		{42C9184B-011D-478D-A5EB-A0505739EBD4}.Release|Any CPU.Build.0 = Release|Any CPU
		{42C9184B-011D-478D-A5EB-A0505739EBD4}.Release|ARM.ActiveCfg = Release|Any CPU
		{42C9184B-011D-478D-A5EB-A0505739EBD4}.Release|x64.ActiveCfg = Release|Any CPU
		{42C9184B-011D-478D-A5EB-A0505739EBD4}.Release|x86.ActiveCfg = Release|Any CPU
		{97846060-B9FB-45AD-AA70-BFB43CDE0FA4}.Debug|Any CPU.ActiveCfg = Debug|Any CPU
		{97846060-B9FB-45AD-AA70-BFB43CDE0FA4}.Debug|Any CPU.Build.0 = Debug|Any CPU
		{97846060-B9FB-45AD-AA70-BFB43CDE0FA4}.Debug|ARM.ActiveCfg = Debug|Any CPU
		{97846060-B9FB-45AD-AA70-BFB43CDE0FA4}.Debug|x64.ActiveCfg = Debug|Any CPU
		{97846060-B9FB-45AD-AA70-BFB43CDE0FA4}.Debug|x86.ActiveCfg = Debug|Any CPU
		{97846060-B9FB-45AD-AA70-BFB43CDE0FA4}.Release|Any CPU.ActiveCfg = Release|Any CPU
		{97846060-B9FB-45AD-AA70-BFB43CDE0FA4}.Release|Any CPU.Build.0 = Release|Any CPU
		{97846060-B9FB-45AD-AA70-BFB43CDE0FA4}.Release|ARM.ActiveCfg = Release|Any CPU
		{97846060-B9FB-45AD-AA70-BFB43CDE0FA4}.Release|x64.ActiveCfg = Release|Any CPU
		{97846060-B9FB-45AD-AA70-BFB43CDE0FA4}.Release|x86.ActiveCfg = Release|Any CPU
		{D4A36502-3E94-4DF2-9BA9-7D0F672C1FFE}.Debug|Any CPU.ActiveCfg = Debug|Any CPU
		{D4A36502-3E94-4DF2-9BA9-7D0F672C1FFE}.Debug|Any CPU.Build.0 = Debug|Any CPU
		{D4A36502-3E94-4DF2-9BA9-7D0F672C1FFE}.Debug|ARM.ActiveCfg = Debug|Any CPU
		{D4A36502-3E94-4DF2-9BA9-7D0F672C1FFE}.Debug|x64.ActiveCfg = Debug|Any CPU
		{D4A36502-3E94-4DF2-9BA9-7D0F672C1FFE}.Debug|x86.ActiveCfg = Debug|Any CPU
		{D4A36502-3E94-4DF2-9BA9-7D0F672C1FFE}.Release|Any CPU.ActiveCfg = Release|Any CPU
		{D4A36502-3E94-4DF2-9BA9-7D0F672C1FFE}.Release|Any CPU.Build.0 = Release|Any CPU
		{D4A36502-3E94-4DF2-9BA9-7D0F672C1FFE}.Release|ARM.ActiveCfg = Release|Any CPU
		{D4A36502-3E94-4DF2-9BA9-7D0F672C1FFE}.Release|x64.ActiveCfg = Release|Any CPU
		{D4A36502-3E94-4DF2-9BA9-7D0F672C1FFE}.Release|x86.ActiveCfg = Release|Any CPU
		{A68DA7D2-B12D-4AA5-9957-6058A8DE3190}.Debug|Any CPU.ActiveCfg = Debug|Any CPU
		{A68DA7D2-B12D-4AA5-9957-6058A8DE3190}.Debug|Any CPU.Build.0 = Debug|Any CPU
		{A68DA7D2-B12D-4AA5-9957-6058A8DE3190}.Debug|ARM.ActiveCfg = Debug|Any CPU
		{A68DA7D2-B12D-4AA5-9957-6058A8DE3190}.Debug|x64.ActiveCfg = Debug|Any CPU
		{A68DA7D2-B12D-4AA5-9957-6058A8DE3190}.Debug|x86.ActiveCfg = Debug|Any CPU
		{A68DA7D2-B12D-4AA5-9957-6058A8DE3190}.Release|Any CPU.ActiveCfg = Release|Any CPU
		{A68DA7D2-B12D-4AA5-9957-6058A8DE3190}.Release|Any CPU.Build.0 = Release|Any CPU
		{A68DA7D2-B12D-4AA5-9957-6058A8DE3190}.Release|ARM.ActiveCfg = Release|Any CPU
		{A68DA7D2-B12D-4AA5-9957-6058A8DE3190}.Release|x64.ActiveCfg = Release|Any CPU
		{A68DA7D2-B12D-4AA5-9957-6058A8DE3190}.Release|x86.ActiveCfg = Release|Any CPU
	EndGlobalSection
	GlobalSection(SolutionProperties) = preSolution
		HideSolutionNode = FALSE
	EndGlobalSection
	GlobalSection(NestedProjects) = preSolution
		{5C653508-35CA-4051-946D-DCAC81C6768A} = {2DA91A58-4EB7-4D9A-8FF9-0E1BDD7E1E60}
		{D12CABAC-6E27-43C0-86E2-5A54CD2A02F4} = {022B7284-40BA-4FE8-B86A-3A466B0D8639}
		{437218CC-7B93-451D-9156-4B652612C256} = {3EC191F5-7CAE-4C50-8DC6-9D2EACD476A3}
		{42C9184B-011D-478D-A5EB-A0505739EBD4} = {B1B0919A-F584-43C2-A813-0D0C8EE2E132}
		{97846060-B9FB-45AD-AA70-BFB43CDE0FA4} = {755F57E6-5DD0-4129-BA02-6B975D75174C}
		{D4A36502-3E94-4DF2-9BA9-7D0F672C1FFE} = {2C1B0BB2-49CF-4FEF-A4F9-AC73F4E130A6}
		{755F57E6-5DD0-4129-BA02-6B975D75174C} = {A9DF8B89-6343-4BAC-8222-D09951954A07}
		{2C1B0BB2-49CF-4FEF-A4F9-AC73F4E130A6} = {A9DF8B89-6343-4BAC-8222-D09951954A07}
		{E55216D6-D144-4FC4-9098-BCA0A6F73D35} = {A9DF8B89-6343-4BAC-8222-D09951954A07}
		{A68DA7D2-B12D-4AA5-9957-6058A8DE3190} = {E55216D6-D144-4FC4-9098-BCA0A6F73D35}
	EndGlobalSection
EndGlobal
